
Microsoft Visual Studio Solution File, Format Version 12.00
# Visual Studio Version 16
VisualStudioVersion = 16.0.31424.327
MinimumVisualStudioVersion = 10.0.40219.1
Project("{FAE04EC0-301F-11D3-BF4B-00C04F79EFBC}") = "WpfReview", "WpfReview\WpfReview.csproj", "{8E6199C2-AA5C-452B-AE9A-31C5812361C2}"
EndProject
Global
	GlobalSection(SolutionConfigurationPlatforms) = preSolution
		Debug|Any CPU = Debug|Any CPU
		Release|Any CPU = Release|Any CPU
	EndGlobalSection
	GlobalSection(ProjectConfigurationPlatforms) = postSolution
		{8E6199C2-AA5C-452B-AE9A-31C5812361C2}.Debug|Any CPU.ActiveCfg = Debug|Any CPU
		{8E6199C2-AA5C-452B-AE9A-31C5812361C2}.Debug|Any CPU.Build.0 = Debug|Any CPU
		{8E6199C2-AA5C-452B-AE9A-31C5812361C2}.Release|Any CPU.ActiveCfg = Release|Any CPU
		{8E6199C2-AA5C-452B-AE9A-31C5812361C2}.Release|Any CPU.Build.0 = Release|Any CPU
	EndGlobalSection
	GlobalSection(SolutionProperties) = preSolution
		HideSolutionNode = FALSE
	EndGlobalSection
	GlobalSection(ExtensibilityGlobals) = postSolution
		SolutionGuid = {4776C927-D3AA-486C-8CE4-52BA09DC7085}
	EndGlobalSection
EndGlobal
